// !$*UTF8*$!
{
	archiveVersion = 1;
	classes = {
	};
	objectVersion = 55;
	objects = {

/* Begin PBXBuildFile section */
		999B152F291EC1D30064F649 /* AppDelegate.swift in Sources */ = {isa = PBXBuildFile; fileRef = 999B152E291EC1D30064F649 /* AppDelegate.swift */; };
		999B1531291EC1D30064F649 /* SceneDelegate.swift in Sources */ = {isa = PBXBuildFile; fileRef = 999B1530291EC1D30064F649 /* SceneDelegate.swift */; };
		999B1533291EC1D30064F649 /* CharacterTableViewController.swift in Sources */ = {isa = PBXBuildFile; fileRef = 999B1532291EC1D30064F649 /* CharacterTableViewController.swift */; };
		999B1538291EC1D60064F649 /* Assets.xcassets in Resources */ = {isa = PBXBuildFile; fileRef = 999B1537291EC1D60064F649 /* Assets.xcassets */; };
		999B153B291EC1D60064F649 /* LaunchScreen.storyboard in Resources */ = {isa = PBXBuildFile; fileRef = 999B1539291EC1D60064F649 /* LaunchScreen.storyboard */; };
		999B154A291EC3DB0064F649 /* CharacterTableViewCell.swift in Sources */ = {isa = PBXBuildFile; fileRef = 999B1549291EC3DB0064F649 /* CharacterTableViewCell.swift */; };
/* End PBXBuildFile section */

/* Begin PBXFileReference section */
		999B152B291EC1D30064F649 /* mobileDivTestProject.app */ = {isa = PBXFileReference; explicitFileType = wrapper.application; includeInIndex = 0; path = mobileDivTestProject.app; sourceTree = BUILT_PRODUCTS_DIR; };
		999B152E291EC1D30064F649 /* AppDelegate.swift */ = {isa = PBXFileReference; lastKnownFileType = sourcecode.swift; path = AppDelegate.swift; sourceTree = "<group>"; };
		999B1530291EC1D30064F649 /* SceneDelegate.swift */ = {isa = PBXFileReference; lastKnownFileType = sourcecode.swift; path = SceneDelegate.swift; sourceTree = "<group>"; };
		999B1532291EC1D30064F649 /* CharacterTableViewController.swift */ = {isa = PBXFileReference; lastKnownFileType = sourcecode.swift; path = CharacterTableViewController.swift; sourceTree = "<group>"; };
		999B1537291EC1D60064F649 /* Assets.xcassets */ = {isa = PBXFileReference; lastKnownFileType = folder.assetcatalog; path = Assets.xcassets; sourceTree = "<group>"; };
		999B153A291EC1D60064F649 /* Base */ = {isa = PBXFileReference; lastKnownFileType = file.storyboard; name = Base; path = Base.lproj/LaunchScreen.storyboard; sourceTree = "<group>"; };
		999B153C291EC1D60064F649 /* Info.plist */ = {isa = PBXFileReference; lastKnownFileType = text.plist.xml; path = Info.plist; sourceTree = "<group>"; };
		999B1549291EC3DB0064F649 /* CharacterTableViewCell.swift */ = {isa = PBXFileReference; lastKnownFileType = sourcecode.swift; path = CharacterTableViewCell.swift; sourceTree = "<group>"; };
/* End PBXFileReference section */

/* Begin PBXFrameworksBuildPhase section */
		999B1528291EC1D30064F649 /* Frameworks */ = {
			isa = PBXFrameworksBuildPhase;
			buildActionMask = 2147483647;
			files = (
			);
			runOnlyForDeploymentPostprocessing = 0;
		};
/* End PBXFrameworksBuildPhase section */

/* Begin PBXGroup section */
		999B1522291EC1D30064F649 = {
			isa = PBXGroup;
			children = (
				999B152D291EC1D30064F649 /* mobileDivTestProject */,
				999B152C291EC1D30064F649 /* Products */,
			);
			sourceTree = "<group>";
		};
		999B152C291EC1D30064F649 /* Products */ = {
			isa = PBXGroup;
			children = (
				999B152B291EC1D30064F649 /* mobileDivTestProject.app */,
			);
			name = Products;
			sourceTree = "<group>";
		};
		999B152D291EC1D30064F649 /* mobileDivTestProject */ = {
			isa = PBXGroup;
			children = (
				999B1542291EC2660064F649 /* Application */,
				999B1544291EC26C0064F649 /* Sources */,
				999B1543291EC2690064F649 /* Resources */,
			);
			path = mobileDivTestProject;
			sourceTree = "<group>";
		};
		999B1542291EC2660064F649 /* Application */ = {
			isa = PBXGroup;
			children = (
				999B152E291EC1D30064F649 /* AppDelegate.swift */,
				999B1530291EC1D30064F649 /* SceneDelegate.swift */,
			);
			path = Application;
			sourceTree = "<group>";
		};
		999B1543291EC2690064F649 /* Resources */ = {
			isa = PBXGroup;
			children = (
				999B1537291EC1D60064F649 /* Assets.xcassets */,
				999B1539291EC1D60064F649 /* LaunchScreen.storyboard */,
				999B153C291EC1D60064F649 /* Info.plist */,
			);
			path = Resources;
			sourceTree = "<group>";
		};
		999B1544291EC26C0064F649 /* Sources */ = {
			isa = PBXGroup;
			children = (
				999B1545291EC28B0064F649 /* Characters */,
			);
			path = Sources;
			sourceTree = "<group>";
		};
		999B1545291EC28B0064F649 /* Characters */ = {
			isa = PBXGroup;
			children = (
				999B1548291EC29F0064F649 /* Model */,
				999B1547291EC29C0064F649 /* View */,
				999B1546291EC2980064F649 /* Presenter */,
			);
			path = Characters;
			sourceTree = "<group>";
		};
		999B1546291EC2980064F649 /* Presenter */ = {
			isa = PBXGroup;
			children = (
			);
			path = Presenter;
			sourceTree = "<group>";
		};
		999B1547291EC29C0064F649 /* View */ = {
			isa = PBXGroup;
			children = (
				999B154B291EC3DC0064F649 /* Cell */,
				999B1532291EC1D30064F649 /* CharacterTableViewController.swift */,
			);
			path = View;
			sourceTree = "<group>";
		};
		999B1548291EC29F0064F649 /* Model */ = {
			isa = PBXGroup;
			children = (
			);
			path = Model;
			sourceTree = "<group>";
		};
		999B154B291EC3DC0064F649 /* Cell */ = {
			isa = PBXGroup;
			children = (
				999B1549291EC3DB0064F649 /* CharacterTableViewCell.swift */,
			);
			path = Cell;
			sourceTree = "<group>";
		};
/* End PBXGroup section */

/* Begin PBXNativeTarget section */
		999B152A291EC1D30064F649 /* mobileDivTestProject */ = {
			isa = PBXNativeTarget;
			buildConfigurationList = 999B153F291EC1D60064F649 /* Build configuration list for PBXNativeTarget "mobileDivTestProject" */;
			buildPhases = (
				999B1527291EC1D30064F649 /* Sources */,
				999B1528291EC1D30064F649 /* Frameworks */,
				999B1529291EC1D30064F649 /* Resources */,
			);
			buildRules = (
			);
			dependencies = (
			);
			name = mobileDivTestProject;
			productName = mobileDivTestProject;
			productReference = 999B152B291EC1D30064F649 /* mobileDivTestProject.app */;
			productType = "com.apple.product-type.application";
		};
/* End PBXNativeTarget section */

/* Begin PBXProject section */
		999B1523291EC1D30064F649 /* Project object */ = {
			isa = PBXProject;
			attributes = {
				BuildIndependentTargetsInParallel = 1;
				LastSwiftUpdateCheck = 1340;
				LastUpgradeCheck = 1340;
				TargetAttributes = {
					999B152A291EC1D30064F649 = {
						CreatedOnToolsVersion = 13.4.1;
					};
				};
			};
			buildConfigurationList = 999B1526291EC1D30064F649 /* Build configuration list for PBXProject "mobileDivTestProject" */;
			compatibilityVersion = "Xcode 13.0";
			developmentRegion = en;
			hasScannedForEncodings = 0;
			knownRegions = (
				en,
				Base,
			);
			mainGroup = 999B1522291EC1D30064F649;
			productRefGroup = 999B152C291EC1D30064F649 /* Products */;
			projectDirPath = "";
			projectRoot = "";
			targets = (
				999B152A291EC1D30064F649 /* mobileDivTestProject */,
			);
		};
/* End PBXProject section */

/* Begin PBXResourcesBuildPhase section */
		999B1529291EC1D30064F649 /* Resources */ = {
			isa = PBXResourcesBuildPhase;
			buildActionMask = 2147483647;
			files = (
				999B153B291EC1D60064F649 /* LaunchScreen.storyboard in Resources */,
				999B1538291EC1D60064F649 /* Assets.xcassets in Resources */,
			);
			runOnlyForDeploymentPostprocessing = 0;
		};
/* End PBXResourcesBuildPhase section */

/* Begin PBXSourcesBuildPhase section */
		999B1527291EC1D30064F649 /* Sources */ = {
			isa = PBXSourcesBuildPhase;
			buildActionMask = 2147483647;
			files = (
				999B1533291EC1D30064F649 /* CharacterTableViewController.swift in Sources */,
				999B152F291EC1D30064F649 /* AppDelegate.swift in Sources */,
				999B1531291EC1D30064F649 /* SceneDelegate.swift in Sources */,
				999B154A291EC3DB0064F649 /* CharacterTableViewCell.swift in Sources */,
			);
			runOnlyForDeploymentPostprocessing = 0;
		};
/* End PBXSourcesBuildPhase section */

/* Begin PBXVariantGroup section */
		999B1539291EC1D60064F649 /* LaunchScreen.storyboard */ = {
			isa = PBXVariantGroup;
			children = (
				999B153A291EC1D60064F649 /* Base */,
			);
			name = LaunchScreen.storyboard;
			sourceTree = "<group>";
		};
/* End PBXVariantGroup section */

/* Begin XCBuildConfiguration section */
		999B153D291EC1D60064F649 /* Debug */ = {
			isa = XCBuildConfiguration;
			buildSettings = {
				ALWAYS_SEARCH_USER_PATHS = NO;
				CLANG_ANALYZER_NONNULL = YES;
				CLANG_ANALYZER_NUMBER_OBJECT_CONVERSION = YES_AGGRESSIVE;
				CLANG_CXX_LANGUAGE_STANDARD = "gnu++17";
				CLANG_ENABLE_MODULES = YES;
				CLANG_ENABLE_OBJC_ARC = YES;
				CLANG_ENABLE_OBJC_WEAK = YES;
				CLANG_WARN_BLOCK_CAPTURE_AUTORELEASING = YES;
				CLANG_WARN_BOOL_CONVERSION = YES;
				CLANG_WARN_COMMA = YES;
				CLANG_WARN_CONSTANT_CONVERSION = YES;
				CLANG_WARN_DEPRECATED_OBJC_IMPLEMENTATIONS = YES;
				CLANG_WARN_DIRECT_OBJC_ISA_USAGE = YES_ERROR;
				CLANG_WARN_DOCUMENTATION_COMMENTS = YES;
				CLANG_WARN_EMPTY_BODY = YES;
				CLANG_WARN_ENUM_CONVERSION = YES;
				CLANG_WARN_INFINITE_RECURSION = YES;
				CLANG_WARN_INT_CONVERSION = YES;
				CLANG_WARN_NON_LITERAL_NULL_CONVERSION = YES;
				CLANG_WARN_OBJC_IMPLICIT_RETAIN_SELF = YES;
				CLANG_WARN_OBJC_LITERAL_CONVERSION = YES;
				CLANG_WARN_OBJC_ROOT_CLASS = YES_ERROR;
				CLANG_WARN_QUOTED_INCLUDE_IN_FRAMEWORK_HEADER = YES;
				CLANG_WARN_RANGE_LOOP_ANALYSIS = YES;
				CLANG_WARN_STRICT_PROTOTYPES = YES;
				CLANG_WARN_SUSPICIOUS_MOVE = YES;
				CLANG_WARN_UNGUARDED_AVAILABILITY = YES_AGGRESSIVE;
				CLANG_WARN_UNREACHABLE_CODE = YES;
				CLANG_WARN__DUPLICATE_METHOD_MATCH = YES;
				COPY_PHASE_STRIP = NO;
				DEBUG_INFORMATION_FORMAT = dwarf;
				ENABLE_STRICT_OBJC_MSGSEND = YES;
				ENABLE_TESTABILITY = YES;
				GCC_C_LANGUAGE_STANDARD = gnu11;
				GCC_DYNAMIC_NO_PIC = NO;
				GCC_NO_COMMON_BLOCKS = YES;
				GCC_OPTIMIZATION_LEVEL = 0;
				GCC_PREPROCESSOR_DEFINITIONS = (
					"DEBUG=1",
					"$(inherited)",
				);
				GCC_WARN_64_TO_32_BIT_CONVERSION = YES;
				GCC_WARN_ABOUT_RETURN_TYPE = YES_ERROR;
				GCC_WARN_UNDECLARED_SELECTOR = YES;
				GCC_WARN_UNINITIALIZED_AUTOS = YES_AGGRESSIVE;
				GCC_WARN_UNUSED_FUNCTION = YES;
				GCC_WARN_UNUSED_VARIABLE = YES;
				IPHONEOS_DEPLOYMENT_TARGET = 15.5;
				MTL_ENABLE_DEBUG_INFO = INCLUDE_SOURCE;
				MTL_FAST_MATH = YES;
				ONLY_ACTIVE_ARCH = YES;
				SDKROOT = iphoneos;
				SWIFT_ACTIVE_COMPILATION_CONDITIONS = DEBUG;
				SWIFT_OPTIMIZATION_LEVEL = "-Onone";
			};
			name = Debug;
		};
		999B153E291EC1D60064F649 /* Release */ = {
			isa = XCBuildConfiguration;
			buildSettings = {
				ALWAYS_SEARCH_USER_PATHS = NO;
				CLANG_ANALYZER_NONNULL = YES;
				CLANG_ANALYZER_NUMBER_OBJECT_CONVERSION = YES_AGGRESSIVE;
				CLANG_CXX_LANGUAGE_STANDARD = "gnu++17";
				CLANG_ENABLE_MODULES = YES;
				CLANG_ENABLE_OBJC_ARC = YES;
				CLANG_ENABLE_OBJC_WEAK = YES;
				CLANG_WARN_BLOCK_CAPTURE_AUTORELEASING = YES;
				CLANG_WARN_BOOL_CONVERSION = YES;
				CLANG_WARN_COMMA = YES;
				CLANG_WARN_CONSTANT_CONVERSION = YES;
				CLANG_WARN_DEPRECATED_OBJC_IMPLEMENTATIONS = YES;
				CLANG_WARN_DIRECT_OBJC_ISA_USAGE = YES_ERROR;
				CLANG_WARN_DOCUMENTATION_COMMENTS = YES;
				CLANG_WARN_EMPTY_BODY = YES;
				CLANG_WARN_ENUM_CONVERSION = YES;
				CLANG_WARN_INFINITE_RECURSION = YES;
				CLANG_WARN_INT_CONVERSION = YES;
				CLANG_WARN_NON_LITERAL_NULL_CONVERSION = YES;
				CLANG_WARN_OBJC_IMPLICIT_RETAIN_SELF = YES;
				CLANG_WARN_OBJC_LITERAL_CONVERSION = YES;
				CLANG_WARN_OBJC_ROOT_CLASS = YES_ERROR;
				CLANG_WARN_QUOTED_INCLUDE_IN_FRAMEWORK_HEADER = YES;
				CLANG_WARN_RANGE_LOOP_ANALYSIS = YES;
				CLANG_WARN_STRICT_PROTOTYPES = YES;
				CLANG_WARN_SUSPICIOUS_MOVE = YES;
				CLANG_WARN_UNGUARDED_AVAILABILITY = YES_AGGRESSIVE;
				CLANG_WARN_UNREACHABLE_CODE = YES;
				CLANG_WARN__DUPLICATE_METHOD_MATCH = YES;
				COPY_PHASE_STRIP = NO;
				DEBUG_INFORMATION_FORMAT = "dwarf-with-dsym";
				ENABLE_NS_ASSERTIONS = NO;
				ENABLE_STRICT_OBJC_MSGSEND = YES;
				GCC_C_LANGUAGE_STANDARD = gnu11;
				GCC_NO_COMMON_BLOCKS = YES;
				GCC_WARN_64_TO_32_BIT_CONVERSION = YES;
				GCC_WARN_ABOUT_RETURN_TYPE = YES_ERROR;
				GCC_WARN_UNDECLARED_SELECTOR = YES;
				GCC_WARN_UNINITIALIZED_AUTOS = YES_AGGRESSIVE;
				GCC_WARN_UNUSED_FUNCTION = YES;
				GCC_WARN_UNUSED_VARIABLE = YES;
				IPHONEOS_DEPLOYMENT_TARGET = 15.5;
				MTL_ENABLE_DEBUG_INFO = NO;
				MTL_FAST_MATH = YES;
				SDKROOT = iphoneos;
				SWIFT_COMPILATION_MODE = wholemodule;
				SWIFT_OPTIMIZATION_LEVEL = "-O";
				VALIDATE_PRODUCT = YES;
			};
			name = Release;
		};
		999B1540291EC1D60064F649 /* Debug */ = {
			isa = XCBuildConfiguration;
			buildSettings = {
				ASSETCATALOG_COMPILER_APPICON_NAME = AppIcon;
				ASSETCATALOG_COMPILER_GLOBAL_ACCENT_COLOR_NAME = AccentColor;
				CODE_SIGN_STYLE = Automatic;
				CURRENT_PROJECT_VERSION = 1;
				DEVELOPMENT_TEAM = ARQ22Y2Z2Z;
				GENERATE_INFOPLIST_FILE = YES;
				INFOPLIST_FILE = mobileDivTestProject/Resources/Info.plist;
				INFOPLIST_KEY_UIApplicationSupportsIndirectInputEvents = YES;
				INFOPLIST_KEY_UILaunchStoryboardName = LaunchScreen;
				INFOPLIST_KEY_UISupportedInterfaceOrientations_iPad = "UIInterfaceOrientationPortrait UIInterfaceOrientationPortraitUpsideDown UIInterfaceOrientationLandscapeLeft UIInterfaceOrientationLandscapeRight";
				INFOPLIST_KEY_UISupportedInterfaceOrientations_iPhone = "UIInterfaceOrientationPortrait UIInterfaceOrientationLandscapeLeft UIInterfaceOrientationLandscapeRight";
				LD_RUNPATH_SEARCH_PATHS = (
					"$(inherited)",
					"@executable_path/Frameworks",
				);
				MARKETING_VERSION = 1.0;
				PRODUCT_BUNDLE_IDENTIFIER = com.NamikNamazov.mobileDivTestProject;
				PRODUCT_NAME = "$(TARGET_NAME)";
				SWIFT_EMIT_LOC_STRINGS = YES;
				SWIFT_VERSION = 5.0;
				TARGETED_DEVICE_FAMILY = "1,2";
			};
			name = Debug;
		};
		999B1541291EC1D60064F649 /* Release */ = {
			isa = XCBuildConfiguration;
			buildSettings = {
				ASSETCATALOG_COMPILER_APPICON_NAME = AppIcon;
				ASSETCATALOG_COMPILER_GLOBAL_ACCENT_COLOR_NAME = AccentColor;
				CODE_SIGN_STYLE = Automatic;
				CURRENT_PROJECT_VERSION = 1;
				DEVELOPMENT_TEAM = ARQ22Y2Z2Z;
				GENERATE_INFOPLIST_FILE = YES;
				INFOPLIST_FILE = mobileDivTestProject/Resources/Info.plist;
				INFOPLIST_KEY_UIApplicationSupportsIndirectInputEvents = YES;
				INFOPLIST_KEY_UILaunchStoryboardName = LaunchScreen;
				INFOPLIST_KEY_UISupportedInterfaceOrientations_iPad = "UIInterfaceOrientationPortrait UIInterfaceOrientationPortraitUpsideDown UIInterfaceOrientationLandscapeLeft UIInterfaceOrientationLandscapeRight";
				INFOPLIST_KEY_UISupportedInterfaceOrientations_iPhone = "UIInterfaceOrientationPortrait UIInterfaceOrientationLandscapeLeft UIInterfaceOrientationLandscapeRight";
				LD_RUNPATH_SEARCH_PATHS = (
					"$(inherited)",
					"@executable_path/Frameworks",
				);
				MARKETING_VERSION = 1.0;
				PRODUCT_BUNDLE_IDENTIFIER = com.NamikNamazov.mobileDivTestProject;
				PRODUCT_NAME = "$(TARGET_NAME)";
				SWIFT_EMIT_LOC_STRINGS = YES;
				SWIFT_VERSION = 5.0;
				TARGETED_DEVICE_FAMILY = "1,2";
			};
			name = Release;
		};
/* End XCBuildConfiguration section */

/* Begin XCConfigurationList section */
		999B1526291EC1D30064F649 /* Build configuration list for PBXProject "mobileDivTestProject" */ = {
			isa = XCConfigurationList;
			buildConfigurations = (
				999B153D291EC1D60064F649 /* Debug */,
				999B153E291EC1D60064F649 /* Release */,
			);
			defaultConfigurationIsVisible = 0;
			defaultConfigurationName = Release;
		};
		999B153F291EC1D60064F649 /* Build configuration list for PBXNativeTarget "mobileDivTestProject" */ = {
			isa = XCConfigurationList;
			buildConfigurations = (
				999B1540291EC1D60064F649 /* Debug */,
				999B1541291EC1D60064F649 /* Release */,
			);
			defaultConfigurationIsVisible = 0;
			defaultConfigurationName = Release;
		};
/* End XCConfigurationList section */
	};
	rootObject = 999B1523291EC1D30064F649 /* Project object */;
}
